
Microsoft Visual Studio Solution File, Format Version 12.00
# Visual Studio 15
VisualStudioVersion = 15.0.27428.2043
MinimumVisualStudioVersion = 10.0.40219.1
Project("{888888A0-9F3D-457C-B088-3A5042F75D52}") = "regim", "regim.pyproj", "{3B038BA3-898C-4E39-BC2A-51D7A9F8AB9A}"
EndProject
Project("{888888A0-9F3D-457C-B088-3A5042F75D52}") = "longview", "..\longview\longview.pyproj", "{CC8ABC7F-EDE1-4E13-B6B7-0041A5EC66A7}"
EndProject
Project("{888888A0-9F3D-457C-B088-3A5042F75D52}") = "longview_test", "..\longview\longview_test\longview_test.pyproj", "{9A7FE67E-93F0-42B5-B58F-77320FC639E4}"
EndProject
Project("{888888A0-9F3D-457C-B088-3A5042F75D52}") = "ProjectDLC", "..\ProjectDLC\ProjectDLC.pyproj", "{BEB0A6EE-1E75-4F90-8E13-58D80BEAB586}"
EndProject
Global
	GlobalSection(SolutionConfigurationPlatforms) = preSolution
		Debug|Any CPU = Debug|Any CPU
		Release|Any CPU = Release|Any CPU
	EndGlobalSection
	GlobalSection(ProjectConfigurationPlatforms) = postSolution
		{3B038BA3-898C-4E39-BC2A-51D7A9F8AB9A}.Debug|Any CPU.ActiveCfg = Debug|Any CPU
		{3B038BA3-898C-4E39-BC2A-51D7A9F8AB9A}.Release|Any CPU.ActiveCfg = Release|Any CPU
		{CC8ABC7F-EDE1-4E13-B6B7-0041A5EC66A7}.Debug|Any CPU.ActiveCfg = Debug|Any CPU
		{CC8ABC7F-EDE1-4E13-B6B7-0041A5EC66A7}.Release|Any CPU.ActiveCfg = Release|Any CPU
		{9A7FE67E-93F0-42B5-B58F-77320FC639E4}.Debug|Any CPU.ActiveCfg = Debug|Any CPU
		{9A7FE67E-93F0-42B5-B58F-77320FC639E4}.Release|Any CPU.ActiveCfg = Release|Any CPU
		{BEB0A6EE-1E75-4F90-8E13-58D80BEAB586}.Debug|Any CPU.ActiveCfg = Debug|Any CPU
		{BEB0A6EE-1E75-4F90-8E13-58D80BEAB586}.Release|Any CPU.ActiveCfg = Release|Any CPU
	EndGlobalSection
	GlobalSection(SolutionProperties) = preSolution
		HideSolutionNode = FALSE
	EndGlobalSection
	GlobalSection(ExtensibilityGlobals) = postSolution
		SolutionGuid = {3E31ABAD-7D87-458F-A6CD-592DE862C471}
	EndGlobalSection
EndGlobal
